{
    "_meta": {
        "hash": {
            "sha256": "0eadab296dc2a00a2b9c754f76791ca851d59ed052d9683b587f7722650adec8"
        },
        "pipfile-spec": 6,
        "requires": {
            "python_version": "3.7"
        },
        "sources": [
            {
                "name": "pypi",
                "url": "https://pypi.org/simple",
                "verify_ssl": true
            }
        ]
    },
    "default": {
        "plotly": {
            "hashes": [
                "sha256:593418bbbd325ee020b7d0381a9452c603558981bde05a303b860455eb907574",
                "sha256:6650ddb4da3aa94dcaa32e0779e611c6b17f371b5250ffdbf5ece6d66ba4483b"
            ],
            "index": "pypi",
            "version": "==4.2.1"
        },
        "retrying": {
            "hashes": [
                "sha256:08c039560a6da2fe4f2c426d0766e284d3b736e355f8dd24b37367b0bb41973b"
            ],
            "version": "==1.3.3"
        },
        "six": {
            "hashes": [
                "sha256:3350809f0555b11f552448330d0b52d5f24c91a322ea4a15ef22629740f3761c",
                "sha256:d16a0141ec1a18405cd4ce8b4613101da75da0e9a7aec5bdd4fa804d0e0eba73"
            ],
            "version": "==1.12.0"
        }
    },
    "develop": {}
}
